
Microsoft Visual Studio Solution File, Format Version 12.00
Project("{FAE04EC0-301F-11D3-BF4B-00C04F79EFBC}") = "FazorGenerator", "FazorGenerator\FazorGenerator\FazorGenerator.csproj", "{51142604-1C41-4879-A099-72CF2079B37E}"
EndProject
Project("{FAE04EC0-301F-11D3-BF4B-00C04F79EFBC}") = "Fazor.Sample", "FazorGenerator\Fazor.Sample\Fazor.Sample.csproj", "{4A159CD8-D35A-4990-B1E4-25F762B48841}"
EndProject
Project("{FAE04EC0-301F-11D3-BF4B-00C04F79EFBC}") = "FazorGenerator.Tests", "FazorGenerator\FazorGenerator.Tests\FazorGenerator.Tests.csproj", "{6DEF8A96-EAAA-4122-AA19-86964CC68404}"
EndProject
Project("{FAE04EC0-301F-11D3-BF4B-00C04F79EFBC}") = "Fazor", "Fazor\Fazor.csproj", "{1E3B4129-9569-4EE0-B1CD-1EBCA593D696}"
EndProject
Project("{FAE04EC0-301F-11D3-BF4B-00C04F79EFBC}") = "FazorDemo", "FazorDemo\FazorDemo.csproj", "{6838206D-8A76-4C7E-84BA-1C63088FA0B1}"
EndProject
Global
	GlobalSection(SolutionConfigurationPlatforms) = preSolution
		Debug|Any CPU = Debug|Any CPU
		Release|Any CPU = Release|Any CPU
	EndGlobalSection
	GlobalSection(ProjectConfigurationPlatforms) = postSolution
		{51142604-1C41-4879-A099-72CF2079B37E}.Debug|Any CPU.ActiveCfg = Debug|Any CPU
		{51142604-1C41-4879-A099-72CF2079B37E}.Debug|Any CPU.Build.0 = Debug|Any CPU
		{51142604-1C41-4879-A099-72CF2079B37E}.Release|Any CPU.ActiveCfg = Release|Any CPU
		{51142604-1C41-4879-A099-72CF2079B37E}.Release|Any CPU.Build.0 = Release|Any CPU
		{4A159CD8-D35A-4990-B1E4-25F762B48841}.Debug|Any CPU.ActiveCfg = Debug|Any CPU
		{4A159CD8-D35A-4990-B1E4-25F762B48841}.Debug|Any CPU.Build.0 = Debug|Any CPU
		{4A159CD8-D35A-4990-B1E4-25F762B48841}.Release|Any CPU.ActiveCfg = Release|Any CPU
		{4A159CD8-D35A-4990-B1E4-25F762B48841}.Release|Any CPU.Build.0 = Release|Any CPU
		{6DEF8A96-EAAA-4122-AA19-86964CC68404}.Debug|Any CPU.ActiveCfg = Debug|Any CPU
		{6DEF8A96-EAAA-4122-AA19-86964CC68404}.Debug|Any CPU.Build.0 = Debug|Any CPU
		{6DEF8A96-EAAA-4122-AA19-86964CC68404}.Release|Any CPU.ActiveCfg = Release|Any CPU
		{6DEF8A96-EAAA-4122-AA19-86964CC68404}.Release|Any CPU.Build.0 = Release|Any CPU
		{1E3B4129-9569-4EE0-B1CD-1EBCA593D696}.Debug|Any CPU.ActiveCfg = Debug|Any CPU
		{1E3B4129-9569-4EE0-B1CD-1EBCA593D696}.Debug|Any CPU.Build.0 = Debug|Any CPU
		{1E3B4129-9569-4EE0-B1CD-1EBCA593D696}.Release|Any CPU.ActiveCfg = Release|Any CPU
		{1E3B4129-9569-4EE0-B1CD-1EBCA593D696}.Release|Any CPU.Build.0 = Release|Any CPU
		{6838206D-8A76-4C7E-84BA-1C63088FA0B1}.Debug|Any CPU.ActiveCfg = Debug|Any CPU
		{6838206D-8A76-4C7E-84BA-1C63088FA0B1}.Debug|Any CPU.Build.0 = Debug|Any CPU
		{6838206D-8A76-4C7E-84BA-1C63088FA0B1}.Release|Any CPU.ActiveCfg = Release|Any CPU
		{6838206D-8A76-4C7E-84BA-1C63088FA0B1}.Release|Any CPU.Build.0 = Release|Any CPU
	EndGlobalSection
EndGlobal
